{
  "name": "@gld5000-cli/npm-init",
  "version": "1.0.8",
  "lockfileVersion": 3,
  "requires": true,
  "packages": {
    "": {
      "name": "@gld5000-cli/npm-init",
      "version": "1.0.8",
      "license": "MIT",
      "dependencies": {
        "@gld5000-cli/readline": "^1.0.6",
        "@gld5000k/timestamp": "^1.0.9"
      },
      "bin": {
        "npm-init": "bin/npmInit.mjs"
      }
    },
    "node_modules/@gld5000-cli/readline": {
      "version": "1.0.6",
      "resolved": "https://registry.npmjs.org/@gld5000-cli/readline/-/readline-1.0.6.tgz",
      "integrity": "sha512-q4ygsgCgrvJvVuIEl9R5Gynb6AV0cmcCzeLl1aJMLQbJcdZJ3xwq0WXEbAKQ9ISTsG+PQvF73HA4k4fsRrcpNQ==",
      "license": "MIT"
    },
    "node_modules/@gld5000k/timestamp": {
      "version": "1.0.9",
      "resolved": "https://registry.npmjs.org/@gld5000k/timestamp/-/timestamp-1.0.9.tgz",
      "integrity": "sha512-/163imdB6j9O9/p935WE89Iqr1LPP7Flp2xVP5Xmo2Llx0GmleIGYUMMi9Bv4VGUiwFxkVSX1c7hcU5n99yVTw==",
      "license": "MIT"
    }
  }
}
